
Microsoft Visual Studio Solution File, Format Version 12.00
# Visual Studio Version 16
VisualStudioVersion = 16.0.30309.148
MinimumVisualStudioVersion = 10.0.40219.1
Project("{8BC9CEB8-8B4A-11D0-8D11-00A0C91BC942}") = "20122019", "20122019.vcxproj", "{688BBDD4-D095-43D4-88B1-14C09F341B91}"
EndProject
Global
	GlobalSection(SolutionConfigurationPlatforms) = preSolution
		Debug|x64 = Debug|x64
		Debug|x86 = Debug|x86
		Release|x64 = Release|x64
		Release|x86 = Release|x86
	EndGlobalSection
	GlobalSection(ProjectConfigurationPlatforms) = postSolution
		{688BBDD4-D095-43D4-88B1-14C09F341B91}.Debug|x64.ActiveCfg = Debug|x64
		{688BBDD4-D095-43D4-88B1-14C09F341B91}.Debug|x64.Build.0 = Debug|x64
		{688BBDD4-D095-43D4-88B1-14C09F341B91}.Debug|x86.ActiveCfg = Debug|Win32
		{688BBDD4-D095-43D4-88B1-14C09F341B91}.Debug|x86.Build.0 = Debug|Win32
		{688BBDD4-D095-43D4-88B1-14C09F341B91}.Release|x64.ActiveCfg = Release|x64
		{688BBDD4-D095-43D4-88B1-14C09F341B91}.Release|x64.Build.0 = Release|x64
		{688BBDD4-D095-43D4-88B1-14C09F341B91}.Release|x86.ActiveCfg = Release|Win32
		{688BBDD4-D095-43D4-88B1-14C09F341B91}.Release|x86.Build.0 = Release|Win32
	EndGlobalSection
	GlobalSection(SolutionProperties) = preSolution
		HideSolutionNode = FALSE
	EndGlobalSection
	GlobalSection(ExtensibilityGlobals) = postSolution
		SolutionGuid = {060E29F8-0222-46FA-9432-D9C3AB813EC5}
	EndGlobalSection
EndGlobal
